
Microsoft Visual Studio Solution File, Format Version 12.00
# Visual Studio 15
VisualStudioVersion = 15.0.28307.271
MinimumVisualStudioVersion = 10.0.40219.1
Project("{FAE04EC0-301F-11D3-BF4B-00C04F79EFBC}") = "Banco", "Banco\Banco.csproj", "{30DB1829-77D0-4E34-A8F9-436340F6C19A}"
EndProject
Project("{FAE04EC0-301F-11D3-BF4B-00C04F79EFBC}") = "Entity", "Entity\Entity.csproj", "{99867F3C-959E-4326-8E1C-63F07EEEB2B9}"
EndProject
Project("{FAE04EC0-301F-11D3-BF4B-00C04F79EFBC}") = "BLL", "BLL\BLL.csproj", "{D3D226A6-B201-4C89-B2EE-95BFD4AB0C4D}"
EndProject
Project("{FAE04EC0-301F-11D3-BF4B-00C04F79EFBC}") = "DAL", "DAL\DAL.csproj", "{083C3CF5-BFA9-4961-83BB-20DE4B078042}"
EndProject
Global
	GlobalSection(SolutionConfigurationPlatforms) = preSolution
		Debug|Any CPU = Debug|Any CPU
		Release|Any CPU = Release|Any CPU
	EndGlobalSection
	GlobalSection(ProjectConfigurationPlatforms) = postSolution
		{30DB1829-77D0-4E34-A8F9-436340F6C19A}.Debug|Any CPU.ActiveCfg = Debug|Any CPU
		{30DB1829-77D0-4E34-A8F9-436340F6C19A}.Debug|Any CPU.Build.0 = Debug|Any CPU
		{30DB1829-77D0-4E34-A8F9-436340F6C19A}.Release|Any CPU.ActiveCfg = Release|Any CPU
		{30DB1829-77D0-4E34-A8F9-436340F6C19A}.Release|Any CPU.Build.0 = Release|Any CPU
		{99867F3C-959E-4326-8E1C-63F07EEEB2B9}.Debug|Any CPU.ActiveCfg = Debug|Any CPU
		{99867F3C-959E-4326-8E1C-63F07EEEB2B9}.Debug|Any CPU.Build.0 = Debug|Any CPU
		{99867F3C-959E-4326-8E1C-63F07EEEB2B9}.Release|Any CPU.ActiveCfg = Release|Any CPU
		{99867F3C-959E-4326-8E1C-63F07EEEB2B9}.Release|Any CPU.Build.0 = Release|Any CPU
		{D3D226A6-B201-4C89-B2EE-95BFD4AB0C4D}.Debug|Any CPU.ActiveCfg = Debug|Any CPU
		{D3D226A6-B201-4C89-B2EE-95BFD4AB0C4D}.Debug|Any CPU.Build.0 = Debug|Any CPU
		{D3D226A6-B201-4C89-B2EE-95BFD4AB0C4D}.Release|Any CPU.ActiveCfg = Release|Any CPU
		{D3D226A6-B201-4C89-B2EE-95BFD4AB0C4D}.Release|Any CPU.Build.0 = Release|Any CPU
		{083C3CF5-BFA9-4961-83BB-20DE4B078042}.Debug|Any CPU.ActiveCfg = Debug|Any CPU
		{083C3CF5-BFA9-4961-83BB-20DE4B078042}.Debug|Any CPU.Build.0 = Debug|Any CPU
		{083C3CF5-BFA9-4961-83BB-20DE4B078042}.Release|Any CPU.ActiveCfg = Release|Any CPU
		{083C3CF5-BFA9-4961-83BB-20DE4B078042}.Release|Any CPU.Build.0 = Release|Any CPU
	EndGlobalSection
	GlobalSection(SolutionProperties) = preSolution
		HideSolutionNode = FALSE
	EndGlobalSection
	GlobalSection(ExtensibilityGlobals) = postSolution
		SolutionGuid = {ACB6C333-E4ED-4612-BD27-D99AEC23A94A}
	EndGlobalSection
EndGlobal
